
Microsoft Visual Studio Solution File, Format Version 12.00
# Visual Studio 15
Project("{FAE04EC0-301F-11D3-BF4B-00C04F79EFBC}") = "Assembly-CSharp-Editor", "Assembly-CSharp-Editor.csproj", "{FDE7CF90-EF70-E980-C065-DD466950CB7C}"
EndProject
Project("{FAE04EC0-301F-11D3-BF4B-00C04F79EFBC}") = "Assembly-CSharp", "Assembly-CSharp.csproj", "{26CD3E23-114E-6CAA-56AC-C2EA0A3B0380}"
EndProject
Global
	GlobalSection(SolutionConfigurationPlatforms) = preSolution
		Debug|Any CPU = Debug|Any CPU
		Release|Any CPU = Release|Any CPU
	EndGlobalSection
	GlobalSection(ProjectConfigurationPlatforms) = postSolution
		{FDE7CF90-EF70-E980-C065-DD466950CB7C}.Debug|Any CPU.ActiveCfg = Debug|Any CPU
		{FDE7CF90-EF70-E980-C065-DD466950CB7C}.Debug|Any CPU.Build.0 = Debug|Any CPU
		{FDE7CF90-EF70-E980-C065-DD466950CB7C}.Release|Any CPU.ActiveCfg = Release|Any CPU
		{FDE7CF90-EF70-E980-C065-DD466950CB7C}.Release|Any CPU.Build.0 = Release|Any CPU
		{26CD3E23-114E-6CAA-56AC-C2EA0A3B0380}.Debug|Any CPU.ActiveCfg = Debug|Any CPU
		{26CD3E23-114E-6CAA-56AC-C2EA0A3B0380}.Debug|Any CPU.Build.0 = Debug|Any CPU
		{26CD3E23-114E-6CAA-56AC-C2EA0A3B0380}.Release|Any CPU.ActiveCfg = Release|Any CPU
		{26CD3E23-114E-6CAA-56AC-C2EA0A3B0380}.Release|Any CPU.Build.0 = Release|Any CPU
	EndGlobalSection
	GlobalSection(SolutionProperties) = preSolution
		HideSolutionNode = FALSE
	EndGlobalSection
EndGlobal
